{
  "name": "F-TOOL-Mod-",
  "lockfileVersion": 2,
  "requires": true,
  "packages": {
    "": {
      "dependencies": {
        "colorama": "^0.0.0",
        "screeen": "^0.0.2",
        "screen": "^0.2.10"
      }
    },
    "node_modules/colorama": {
      "version": "0.0.0",
      "resolved": "https://registry.npmjs.org/colorama/-/colorama-0.0.0.tgz",
      "integrity": "sha512-w3/qUDXGmxj7knYBkiD9nSkSpu5wjE6beIzMLwzhw+xooBIZ0AXrAs/W8BQRnMlVoLA8SwCQLo334QX3/QOjpA=="
    },
    "node_modules/package": {
      "version": "1.0.1",
      "resolved": "https://registry.npmjs.org/package/-/package-1.0.1.tgz",
      "integrity": "sha512-g6xZR6CO7okjie83sIRJodgGvaXqymfE5GLhN8N2TmZGShmHc/V23hO/vWbdnuy3D81As3pfovw72gGi42l9qA==",
      "engines": {
        "node": ">= 0.6.0"
      }
    },
    "node_modules/screeen": {
      "version": "0.0.2",
      "resolved": "https://registry.npmjs.org/screeen/-/screeen-0.0.2.tgz",
      "integrity": "sha512-d/fPORUJG3ughArCAJ+PYlyj8Lu2FZdk7oiNcUaUY0zSrKmvxwFTWAIk8XXrenfGvY1C1XaMB6btmkZ0Yw3HpQ==",
      "dependencies": {
        "temporary": "0.0.8",
        "underscore": "~1.5.2"
      }
    },
    "node_modules/screen": {
      "version": "0.2.10",
      "resolved": "https://registry.npmjs.org/screen/-/screen-0.2.10.tgz",
      "integrity": "sha512-T6viduhAMpKFJgnsCmdde25n1QRao5mpRqJ4MyKHD3Y2f1sLP4XVzJJfYeyxsOFcTieVcaB6B61KwS65OVMN/g==",
      "dependencies": {
        "xtend": "~1.0.3"
      }
    },
    "node_modules/temporary": {
      "version": "0.0.8",
      "resolved": "https://registry.npmjs.org/temporary/-/temporary-0.0.8.tgz",
      "integrity": "sha512-NbWqVhmH2arfC/I7upx4VWYJEhp9SSpqjZwzt4LmCuT/7luiAUSt2L3/h9y/3crPnuIdMxg8GsxL9LvEHckdtw==",
      "dependencies": {
        "package": ">= 1.0.0 < 1.2.0"
      },
      "engines": {
        "node": ">= 0.6.0"
      }
    },
    "node_modules/underscore": {
      "version": "1.5.2",
      "resolved": "https://registry.npmjs.org/underscore/-/underscore-1.5.2.tgz",
      "integrity": "sha512-yejOFsRnTJs0N9CK5Apzf6maDO2djxGoLLrlZlvGs2o9ZQuhIhDL18rtFyy4FBIbOkzA6+4hDgXbgz5EvDQCXQ=="
    },
    "node_modules/xtend": {
      "version": "1.0.3",
      "resolved": "https://registry.npmjs.org/xtend/-/xtend-1.0.3.tgz",
      "integrity": "sha512-wv78b3q8kHDveC/C7Yq/UUrJXsAAM1t/j5m28h/ZlqYy0+eqByglhsWR88D2j3VImQzZlNIDsSbZ3QItwgWEGw==",
      "engines": {
        "node": ">=0.4"
      }
    }
  },
  "dependencies": {
    "colorama": {
      "version": "0.0.0",
      "resolved": "https://registry.npmjs.org/colorama/-/colorama-0.0.0.tgz",
      "integrity": "sha512-w3/qUDXGmxj7knYBkiD9nSkSpu5wjE6beIzMLwzhw+xooBIZ0AXrAs/W8BQRnMlVoLA8SwCQLo334QX3/QOjpA=="
    },
    "package": {
      "version": "1.0.1",
      "resolved": "https://registry.npmjs.org/package/-/package-1.0.1.tgz",
      "integrity": "sha512-g6xZR6CO7okjie83sIRJodgGvaXqymfE5GLhN8N2TmZGShmHc/V23hO/vWbdnuy3D81As3pfovw72gGi42l9qA=="
    },
    "screeen": {
      "version": "0.0.2",
      "resolved": "https://registry.npmjs.org/screeen/-/screeen-0.0.2.tgz",
      "integrity": "sha512-d/fPORUJG3ughArCAJ+PYlyj8Lu2FZdk7oiNcUaUY0zSrKmvxwFTWAIk8XXrenfGvY1C1XaMB6btmkZ0Yw3HpQ==",
      "requires": {
        "temporary": "0.0.8",
        "underscore": "~1.5.2"
      }
    },
    "screen": {
      "version": "0.2.10",
      "resolved": "https://registry.npmjs.org/screen/-/screen-0.2.10.tgz",
      "integrity": "sha512-T6viduhAMpKFJgnsCmdde25n1QRao5mpRqJ4MyKHD3Y2f1sLP4XVzJJfYeyxsOFcTieVcaB6B61KwS65OVMN/g==",
      "requires": {
        "xtend": "~1.0.3"
      }
    },
    "temporary": {
      "version": "0.0.8",
      "resolved": "https://registry.npmjs.org/temporary/-/temporary-0.0.8.tgz",
      "integrity": "sha512-NbWqVhmH2arfC/I7upx4VWYJEhp9SSpqjZwzt4LmCuT/7luiAUSt2L3/h9y/3crPnuIdMxg8GsxL9LvEHckdtw==",
      "requires": {
        "package": ">= 1.0.0 < 1.2.0"
      }
    },
    "underscore": {
      "version": "1.5.2",
      "resolved": "https://registry.npmjs.org/underscore/-/underscore-1.5.2.tgz",
      "integrity": "sha512-yejOFsRnTJs0N9CK5Apzf6maDO2djxGoLLrlZlvGs2o9ZQuhIhDL18rtFyy4FBIbOkzA6+4hDgXbgz5EvDQCXQ=="
    },
    "xtend": {
      "version": "1.0.3",
      "resolved": "https://registry.npmjs.org/xtend/-/xtend-1.0.3.tgz",
      "integrity": "sha512-wv78b3q8kHDveC/C7Yq/UUrJXsAAM1t/j5m28h/ZlqYy0+eqByglhsWR88D2j3VImQzZlNIDsSbZ3QItwgWEGw=="
    }
  }
}
